{
    "_readme": [
        "This file locks the dependencies of your project to a known state",
        "Read more about it at https://getcomposer.org/doc/01-basic-usage.md#installing-dependencies",
        "This file is @generated automatically"
    ],
    "content-hash": "8b0e09ac71c2fd7a9632ae51d18fdf9c",
    "packages": [
        {
            "name": "laminas/laminas-dependency-plugin",
            "version": "2.0.0",
            "source": {
                "type": "git",
                "url": "https://github.com/laminas/laminas-dependency-plugin.git",
                "reference": "7738ded196287dd88dec24d1a3cb58f5d4453e69"
            },
            "dist": {
                "type": "zip",
                "url": "https://api.github.com/repos/laminas/laminas-dependency-plugin/zipball/7738ded196287dd88dec24d1a3cb58f5d4453e69",
                "reference": "7738ded196287dd88dec24d1a3cb58f5d4453e69",
                "shasum": ""
            },
            "require": {
                "composer-plugin-api": "^1.1 || ^2.0",
                "php": "^5.6 || ^7.0"
            },
            "require-dev": {
                "composer/composer": "^1.9 || ^2.0",
                "mikey179/vfsstream": "^1.6",
                "phpcompatibility/php-compatibility": "^9.3",
                "roave/security-advisories": "dev-master"
            },
            "type": "composer-plugin",
            "extra": {
                "class": "Laminas\\DependencyPlugin\\DependencyRewriterPluginDelegator"
            },
            "autoload": {
                "psr-4": {
                    "Laminas\\DependencyPlugin\\": "src/"
                }
            },
            "notification-url": "https://packagist.org/downloads/",
            "license": [
                "BSD-3-Clause"
            ],
            "description": "Replace zendframework and zfcampus packages with their Laminas Project equivalents.",
            "funding": [
                {
                    "url": "https://funding.communitybridge.org/projects/laminas-project",
                    "type": "community_bridge"
                }
            ],
            "time": "2020-10-30T14:51:02+00:00"
        }
    ],
    "packages-dev": [],
    "aliases": [],
    "minimum-stability": "dev",
    "stability-flags": [],
    "prefer-stable": true,
    "prefer-lowest": false,
    "platform": {
        "php": ">=5.3.2"
    },
    "platform-dev": [],
    "plugin-api-version": "1.1.0"
}
